
Microsoft Visual Studio Solution File, Format Version 12.00
# Visual Studio Version 17
VisualStudioVersion = 17.5.33502.453
MinimumVisualStudioVersion = 10.0.40219.1
Project("{54A90642-561A-4BB1-A94E-469ADEE60C69}") = "FrontEndCrud", "FrontEndCrud\FrontEndCrud.esproj", "{0856EBF1-F7E9-4F5C-96BD-8FE5EF3D4027}"
EndProject
Global
	GlobalSection(SolutionConfigurationPlatforms) = preSolution
		Debug|Any CPU = Debug|Any CPU
		Release|Any CPU = Release|Any CPU
	EndGlobalSection
	GlobalSection(ProjectConfigurationPlatforms) = postSolution
		{0856EBF1-F7E9-4F5C-96BD-8FE5EF3D4027}.Debug|Any CPU.ActiveCfg = Debug|Any CPU
		{0856EBF1-F7E9-4F5C-96BD-8FE5EF3D4027}.Debug|Any CPU.Build.0 = Debug|Any CPU
		{0856EBF1-F7E9-4F5C-96BD-8FE5EF3D4027}.Debug|Any CPU.Deploy.0 = Debug|Any CPU
		{0856EBF1-F7E9-4F5C-96BD-8FE5EF3D4027}.Release|Any CPU.ActiveCfg = Release|Any CPU
		{0856EBF1-F7E9-4F5C-96BD-8FE5EF3D4027}.Release|Any CPU.Build.0 = Release|Any CPU
		{0856EBF1-F7E9-4F5C-96BD-8FE5EF3D4027}.Release|Any CPU.Deploy.0 = Release|Any CPU
	EndGlobalSection
	GlobalSection(SolutionProperties) = preSolution
		HideSolutionNode = FALSE
	EndGlobalSection
	GlobalSection(ExtensibilityGlobals) = postSolution
		SolutionGuid = {D53A63A1-5C81-46B4-BB91-1D2E72FA1B7F}
	EndGlobalSection
EndGlobal
